
Microsoft Visual Studio Solution File, Format Version 12.00
# Visual Studio Version 17
VisualStudioVersion = 17.2.32630.192
MinimumVisualStudioVersion = 10.0.40219.1
Project("{9A19103F-16F7-4668-BE54-9A1E7A4F7556}") = "IKAdjustment", "IKAdjustment.csproj", "{2382A6A1-2977-4C2D-B664-702FCB1A49A6}"
EndProject
Global
	GlobalSection(SolutionConfigurationPlatforms) = preSolution
		Debug|Any CPU = Debug|Any CPU
		Release|Any CPU = Release|Any CPU
	EndGlobalSection
	GlobalSection(ProjectConfigurationPlatforms) = postSolution
		{2382A6A1-2977-4C2D-B664-702FCB1A49A6}.Debug|Any CPU.ActiveCfg = Debug|Any CPU
		{2382A6A1-2977-4C2D-B664-702FCB1A49A6}.Debug|Any CPU.Build.0 = Debug|Any CPU
		{2382A6A1-2977-4C2D-B664-702FCB1A49A6}.Release|Any CPU.ActiveCfg = Release|Any CPU
		{2382A6A1-2977-4C2D-B664-702FCB1A49A6}.Release|Any CPU.Build.0 = Release|Any CPU
	EndGlobalSection
	GlobalSection(SolutionProperties) = preSolution
		HideSolutionNode = FALSE
	EndGlobalSection
	GlobalSection(ExtensibilityGlobals) = postSolution
		SolutionGuid = {D8824012-2E85-4256-8F4E-3B7E747C1701}
	EndGlobalSection
EndGlobal
